{
  "originHash" : "9e5a4f9b885c5263395010bf96da875737ed13272060464afbcb69476941b453",
  "pins" : [
    {
      "identity" : "anycodable",
      "kind" : "remoteSourceControl",
      "location" : "https://github.com/mickeyl/AnyCodable",
      "state" : {
        "revision" : "bcbafbc461058bda170ca59013ba599b5613e72a",
        "version" : "0.6.6"
      }
    },
    {
      "identity" : "bitbytedata",
      "kind" : "remoteSourceControl",
      "location" : "https://github.com/tsolomko/BitByteData",
      "state" : {
        "revision" : "cdcdc5177ad536cfb11b95c620f926a81014b7fe",
        "version" : "2.0.4"
      }
    },
    {
      "identity" : "cornucopiacore",
      "kind" : "remoteSourceControl",
      "location" : "https://github.com/Cornucopia-Swift/CornucopiaCore",
      "state" : {
        "branch" : "master",
        "revision" : "3c89c5077b62df20613c422e916c0169b5425eba"
      }
    },
    {
      "identity" : "foundationbandaid",
      "kind" : "remoteSourceControl",
      "location" : "https://github.com/mickeyl/FoundationBandAid",
      "state" : {
        "branch" : "master",
        "revision" : "163e98760ce824d9c880684ec1014228795ef8c3"
      }
    },
    {
      "identity" : "swcompression",
      "kind" : "remoteSourceControl",
      "location" : "https://github.com/tsolomko/SWCompression",
      "state" : {
        "revision" : "390e0b0af8dd19a600005a242a89e570ff482e09",
        "version" : "4.8.6"
      }
    },
    {
      "identity" : "swift-asn1",
      "kind" : "remoteSourceControl",
      "location" : "https://github.com/apple/swift-asn1.git",
      "state" : {
        "revision" : "ae33e5941bb88d88538d0a6b19ca0b01e6c76dcf",
        "version" : "1.3.1"
      }
    },
    {
      "identity" : "swift-crypto",
      "kind" : "remoteSourceControl",
      "location" : "https://github.com/apple/swift-crypto",
      "state" : {
        "revision" : "a6ce32a18b81b04ce7e897d1d98df6eb2da04786",
        "version" : "3.12.2"
      }
    }
  ],
  "version" : 3
}
